// !$*UTF8*$!
{
	archiveVersion = 1;
	classes = {
	};
	objectVersion = 50;
	objects = {

/* Begin PBXBuildFile section */
		0939DAE0207D553600ABCBD4 /* UsersRealmProvider.swift in Sources */ = {isa = PBXBuildFile; fileRef = 0939DADF207D553600ABCBD4 /* UsersRealmProvider.swift */; };
		0939DAE4207D555A00ABCBD4 /* Realm.framework in Frameworks */ = {isa = PBXBuildFile; fileRef = 0939DAE2207D555A00ABCBD4 /* Realm.framework */; };
		0939DAE5207D555A00ABCBD4 /* RealmSwift.framework in Frameworks */ = {isa = PBXBuildFile; fileRef = 0939DAE3207D555A00ABCBD4 /* RealmSwift.framework */; };
		0939DAE8207D57EE00ABCBD4 /* DBUser.swift in Sources */ = {isa = PBXBuildFile; fileRef = 0939DAE7207D57EE00ABCBD4 /* DBUser.swift */; };
		0939DAEA207D588600ABCBD4 /* CardStatus.swift in Sources */ = {isa = PBXBuildFile; fileRef = 0939DAE9207D588600ABCBD4 /* CardStatus.swift */; };
		0939DAED207D58B200ABCBD4 /* Card.swift in Sources */ = {isa = PBXBuildFile; fileRef = 0939DAEC207D58B200ABCBD4 /* Card.swift */; };
		0939DAEF207D58DA00ABCBD4 /* DBCard.swift in Sources */ = {isa = PBXBuildFile; fileRef = 0939DAEE207D58DA00ABCBD4 /* DBCard.swift */; };
		0939DAF1207D5F9E00ABCBD4 /* AuthInfo.swift in Sources */ = {isa = PBXBuildFile; fileRef = 0939DAF0207D5F9E00ABCBD4 /* AuthInfo.swift */; };
		0939DAF3207D620700ABCBD4 /* Realm.framework in Embed Frameworks */ = {isa = PBXBuildFile; fileRef = 0939DAE2207D555A00ABCBD4 /* Realm.framework */; settings = {ATTRIBUTES = (CodeSignOnCopy, RemoveHeadersOnCopy, ); }; };
		0939DAF5207D620700ABCBD4 /* RealmSwift.framework in Embed Frameworks */ = {isa = PBXBuildFile; fileRef = 0939DAE3207D555A00ABCBD4 /* RealmSwift.framework */; settings = {ATTRIBUTES = (CodeSignOnCopy, RemoveHeadersOnCopy, ); }; };
		0939DAFA207D688D00ABCBD4 /* NSView+Extension.swift in Sources */ = {isa = PBXBuildFile; fileRef = 0939DAF9207D688D00ABCBD4 /* NSView+Extension.swift */; };
		0939DAFC207DE35900ABCBD4 /* NSColor+Extension.swift in Sources */ = {isa = PBXBuildFile; fileRef = 0939DAFB207DE35900ABCBD4 /* NSColor+Extension.swift */; };
		094CE9A72075438200FE361A /* AppDelegate.swift in Sources */ = {isa = PBXBuildFile; fileRef = 094CE9A62075438200FE361A /* AppDelegate.swift */; };
		094CE9AB2075438400FE361A /* Assets.xcassets in Resources */ = {isa = PBXBuildFile; fileRef = 094CE9AA2075438400FE361A /* Assets.xcassets */; };
		094CE9AE2075438400FE361A /* Main.storyboard in Resources */ = {isa = PBXBuildFile; fileRef = 094CE9AC2075438400FE361A /* Main.storyboard */; };
		094CE9BA2075458900FE361A /* User.swift in Sources */ = {isa = PBXBuildFile; fileRef = 094CE9B92075458900FE361A /* User.swift */; };
		094CE9BE207545CB00FE361A /* AuthViewController.swift in Sources */ = {isa = PBXBuildFile; fileRef = 094CE9BD207545CB00FE361A /* AuthViewController.swift */; };
/* End PBXBuildFile section */

/* Begin PBXCopyFilesBuildPhase section */
		0939DAF6207D620700ABCBD4 /* Embed Frameworks */ = {
			isa = PBXCopyFilesBuildPhase;
			buildActionMask = 2147483647;
			dstPath = "";
			dstSubfolderSpec = 10;
			files = (
				0939DAF5207D620700ABCBD4 /* RealmSwift.framework in Embed Frameworks */,
				0939DAF3207D620700ABCBD4 /* Realm.framework in Embed Frameworks */,
			);
			name = "Embed Frameworks";
			runOnlyForDeploymentPostprocessing = 0;
		};
/* End PBXCopyFilesBuildPhase section */

/* Begin PBXFileReference section */
		0939DADF207D553600ABCBD4 /* UsersRealmProvider.swift */ = {isa = PBXFileReference; lastKnownFileType = sourcecode.swift; path = UsersRealmProvider.swift; sourceTree = "<group>"; };
		0939DAE2207D555A00ABCBD4 /* Realm.framework */ = {isa = PBXFileReference; lastKnownFileType = wrapper.framework; name = Realm.framework; path = Carthage/Build/Mac/Realm.framework; sourceTree = "<group>"; };
		0939DAE3207D555A00ABCBD4 /* RealmSwift.framework */ = {isa = PBXFileReference; lastKnownFileType = wrapper.framework; name = RealmSwift.framework; path = Carthage/Build/Mac/RealmSwift.framework; sourceTree = "<group>"; };
		0939DAE7207D57EE00ABCBD4 /* DBUser.swift */ = {isa = PBXFileReference; lastKnownFileType = sourcecode.swift; path = DBUser.swift; sourceTree = "<group>"; };
		0939DAE9207D588600ABCBD4 /* CardStatus.swift */ = {isa = PBXFileReference; lastKnownFileType = sourcecode.swift; path = CardStatus.swift; sourceTree = "<group>"; };
		0939DAEC207D58B200ABCBD4 /* Card.swift */ = {isa = PBXFileReference; lastKnownFileType = sourcecode.swift; path = Card.swift; sourceTree = "<group>"; };
		0939DAEE207D58DA00ABCBD4 /* DBCard.swift */ = {isa = PBXFileReference; lastKnownFileType = sourcecode.swift; path = DBCard.swift; sourceTree = "<group>"; };
		0939DAF0207D5F9E00ABCBD4 /* AuthInfo.swift */ = {isa = PBXFileReference; lastKnownFileType = sourcecode.swift; path = AuthInfo.swift; sourceTree = "<group>"; };
		0939DAF9207D688D00ABCBD4 /* NSView+Extension.swift */ = {isa = PBXFileReference; lastKnownFileType = sourcecode.swift; path = "NSView+Extension.swift"; sourceTree = "<group>"; };
		0939DAFB207DE35900ABCBD4 /* NSColor+Extension.swift */ = {isa = PBXFileReference; lastKnownFileType = sourcecode.swift; path = "NSColor+Extension.swift"; sourceTree = "<group>"; };
		094CE9A32075438200FE361A /* MyProject.app */ = {isa = PBXFileReference; explicitFileType = wrapper.application; includeInIndex = 0; path = MyProject.app; sourceTree = BUILT_PRODUCTS_DIR; };
		094CE9A62075438200FE361A /* AppDelegate.swift */ = {isa = PBXFileReference; lastKnownFileType = sourcecode.swift; path = AppDelegate.swift; sourceTree = "<group>"; };
		094CE9AA2075438400FE361A /* Assets.xcassets */ = {isa = PBXFileReference; lastKnownFileType = folder.assetcatalog; path = Assets.xcassets; sourceTree = "<group>"; };
		094CE9AD2075438400FE361A /* Base */ = {isa = PBXFileReference; lastKnownFileType = file.storyboard; name = Base; path = Base.lproj/Main.storyboard; sourceTree = "<group>"; };
		094CE9AF2075438400FE361A /* Info.plist */ = {isa = PBXFileReference; lastKnownFileType = text.plist.xml; path = Info.plist; sourceTree = "<group>"; };
		094CE9B02075438400FE361A /* MyProject.entitlements */ = {isa = PBXFileReference; lastKnownFileType = text.plist.entitlements; path = MyProject.entitlements; sourceTree = "<group>"; };
		094CE9B92075458900FE361A /* User.swift */ = {isa = PBXFileReference; lastKnownFileType = sourcecode.swift; path = User.swift; sourceTree = "<group>"; };
		094CE9BD207545CB00FE361A /* AuthViewController.swift */ = {isa = PBXFileReference; lastKnownFileType = sourcecode.swift; path = AuthViewController.swift; sourceTree = "<group>"; };
/* End PBXFileReference section */

/* Begin PBXFrameworksBuildPhase section */
		094CE9A02075438200FE361A /* Frameworks */ = {
			isa = PBXFrameworksBuildPhase;
			buildActionMask = 2147483647;
			files = (
				0939DAE4207D555A00ABCBD4 /* Realm.framework in Frameworks */,
				0939DAE5207D555A00ABCBD4 /* RealmSwift.framework in Frameworks */,
			);
			runOnlyForDeploymentPostprocessing = 0;
		};
/* End PBXFrameworksBuildPhase section */

/* Begin PBXGroup section */
		0939DADE207D551D00ABCBD4 /* Database */ = {
			isa = PBXGroup;
			children = (
				0939DADF207D553600ABCBD4 /* UsersRealmProvider.swift */,
			);
			path = Database;
			sourceTree = "<group>";
		};
		0939DAE1207D555900ABCBD4 /* Frameworks */ = {
			isa = PBXGroup;
			children = (
				0939DAE2207D555A00ABCBD4 /* Realm.framework */,
				0939DAE3207D555A00ABCBD4 /* RealmSwift.framework */,
			);
			name = Frameworks;
			sourceTree = "<group>";
		};
		0939DAE6207D57E500ABCBD4 /* Realm */ = {
			isa = PBXGroup;
			children = (
				0939DAE7207D57EE00ABCBD4 /* DBUser.swift */,
				0939DAEE207D58DA00ABCBD4 /* DBCard.swift */,
			);
			path = Realm;
			sourceTree = "<group>";
		};
		0939DAEB207D58A600ABCBD4 /* Cards */ = {
			isa = PBXGroup;
			children = (
				0939DAE9207D588600ABCBD4 /* CardStatus.swift */,
				0939DAEC207D58B200ABCBD4 /* Card.swift */,
			);
			path = Cards;
			sourceTree = "<group>";
		};
		0939DAF7207D64B800ABCBD4 /* Resourse */ = {
			isa = PBXGroup;
			children = (
				094CE9A62075438200FE361A /* AppDelegate.swift */,
				094CE9AA2075438400FE361A /* Assets.xcassets */,
				094CE9AC2075438400FE361A /* Main.storyboard */,
			);
			path = Resourse;
			sourceTree = "<group>";
		};
		0939DAF8207D688000ABCBD4 /* Extension */ = {
			isa = PBXGroup;
			children = (
				0939DAF9207D688D00ABCBD4 /* NSView+Extension.swift */,
				0939DAFB207DE35900ABCBD4 /* NSColor+Extension.swift */,
			);
			path = Extension;
			sourceTree = "<group>";
		};
		094CE99A2075438200FE361A = {
			isa = PBXGroup;
			children = (
				094CE9A52075438200FE361A /* MyProject */,
				094CE9A42075438200FE361A /* Products */,
				0939DAE1207D555900ABCBD4 /* Frameworks */,
			);
			sourceTree = "<group>";
		};
		094CE9A42075438200FE361A /* Products */ = {
			isa = PBXGroup;
			children = (
				094CE9A32075438200FE361A /* MyProject.app */,
			);
			name = Products;
			sourceTree = "<group>";
		};
		094CE9A52075438200FE361A /* MyProject */ = {
			isa = PBXGroup;
			children = (
				0939DAF8207D688000ABCBD4 /* Extension */,
				0939DAF7207D64B800ABCBD4 /* Resourse */,
				0939DADE207D551D00ABCBD4 /* Database */,
				094CE9BB207545B900FE361A /* Screens */,
				094CE9B62075456C00FE361A /* Models */,
				094CE9AF2075438400FE361A /* Info.plist */,
				094CE9B02075438400FE361A /* MyProject.entitlements */,
			);
			path = MyProject;
			sourceTree = "<group>";
		};
		094CE9B62075456C00FE361A /* Models */ = {
			isa = PBXGroup;
			children = (
				0939DAEB207D58A600ABCBD4 /* Cards */,
				0939DAE6207D57E500ABCBD4 /* Realm */,
				094CE9B82075457F00FE361A /* User */,
			);
			path = Models;
			sourceTree = "<group>";
		};
		094CE9B82075457F00FE361A /* User */ = {
			isa = PBXGroup;
			children = (
				094CE9B92075458900FE361A /* User.swift */,
				0939DAF0207D5F9E00ABCBD4 /* AuthInfo.swift */,
			);
			path = User;
			sourceTree = "<group>";
		};
		094CE9BB207545B900FE361A /* Screens */ = {
			isa = PBXGroup;
			children = (
				094CE9BC207545C100FE361A /* Auth */,
			);
			path = Screens;
			sourceTree = "<group>";
		};
		094CE9BC207545C100FE361A /* Auth */ = {
			isa = PBXGroup;
			children = (
				094CE9BD207545CB00FE361A /* AuthViewController.swift */,
			);
			path = Auth;
			sourceTree = "<group>";
		};
/* End PBXGroup section */

/* Begin PBXNativeTarget section */
		094CE9A22075438200FE361A /* MyProject */ = {
			isa = PBXNativeTarget;
			buildConfigurationList = 094CE9B32075438400FE361A /* Build configuration list for PBXNativeTarget "MyProject" */;
			buildPhases = (
				094CE99F2075438200FE361A /* Sources */,
				094CE9A02075438200FE361A /* Frameworks */,
				094CE9A12075438200FE361A /* Resources */,
				0939DAF6207D620700ABCBD4 /* Embed Frameworks */,
			);
			buildRules = (
			);
			dependencies = (
			);
			name = MyProject;
			productName = MyProject;
			productReference = 094CE9A32075438200FE361A /* MyProject.app */;
			productType = "com.apple.product-type.application";
		};
/* End PBXNativeTarget section */

/* Begin PBXProject section */
		094CE99B2075438200FE361A /* Project object */ = {
			isa = PBXProject;
			attributes = {
				LastSwiftUpdateCheck = 0930;
				LastUpgradeCheck = 0930;
				ORGANIZATIONNAME = Alina;
				TargetAttributes = {
					094CE9A22075438200FE361A = {
						CreatedOnToolsVersion = 9.3;
					};
				};
			};
			buildConfigurationList = 094CE99E2075438200FE361A /* Build configuration list for PBXProject "MyProject" */;
			compatibilityVersion = "Xcode 9.3";
			developmentRegion = en;
			hasScannedForEncodings = 0;
			knownRegions = (
				en,
				Base,
			);
			mainGroup = 094CE99A2075438200FE361A;
			productRefGroup = 094CE9A42075438200FE361A /* Products */;
			projectDirPath = "";
			projectRoot = "";
			targets = (
				094CE9A22075438200FE361A /* MyProject */,
			);
		};
/* End PBXProject section */

/* Begin PBXResourcesBuildPhase section */
		094CE9A12075438200FE361A /* Resources */ = {
			isa = PBXResourcesBuildPhase;
			buildActionMask = 2147483647;
			files = (
				094CE9AB2075438400FE361A /* Assets.xcassets in Resources */,
				094CE9AE2075438400FE361A /* Main.storyboard in Resources */,
			);
			runOnlyForDeploymentPostprocessing = 0;
		};
/* End PBXResourcesBuildPhase section */

/* Begin PBXSourcesBuildPhase section */
		094CE99F2075438200FE361A /* Sources */ = {
			isa = PBXSourcesBuildPhase;
			buildActionMask = 2147483647;
			files = (
				0939DAFC207DE35900ABCBD4 /* NSColor+Extension.swift in Sources */,
				094CE9A72075438200FE361A /* AppDelegate.swift in Sources */,
				0939DAE0207D553600ABCBD4 /* UsersRealmProvider.swift in Sources */,
				0939DAED207D58B200ABCBD4 /* Card.swift in Sources */,
				094CE9BE207545CB00FE361A /* AuthViewController.swift in Sources */,
				094CE9BA2075458900FE361A /* User.swift in Sources */,
				0939DAE8207D57EE00ABCBD4 /* DBUser.swift in Sources */,
				0939DAEA207D588600ABCBD4 /* CardStatus.swift in Sources */,
				0939DAFA207D688D00ABCBD4 /* NSView+Extension.swift in Sources */,
				0939DAEF207D58DA00ABCBD4 /* DBCard.swift in Sources */,
				0939DAF1207D5F9E00ABCBD4 /* AuthInfo.swift in Sources */,
			);
			runOnlyForDeploymentPostprocessing = 0;
		};
/* End PBXSourcesBuildPhase section */

/* Begin PBXVariantGroup section */
		094CE9AC2075438400FE361A /* Main.storyboard */ = {
			isa = PBXVariantGroup;
			children = (
				094CE9AD2075438400FE361A /* Base */,
			);
			name = Main.storyboard;
			sourceTree = "<group>";
		};
/* End PBXVariantGroup section */

/* Begin XCBuildConfiguration section */
		094CE9B12075438400FE361A /* Debug */ = {
			isa = XCBuildConfiguration;
			buildSettings = {
				ALWAYS_SEARCH_USER_PATHS = NO;
				CLANG_ANALYZER_NONNULL = YES;
				CLANG_ANALYZER_NUMBER_OBJECT_CONVERSION = YES_AGGRESSIVE;
				CLANG_CXX_LANGUAGE_STANDARD = "gnu++14";
				CLANG_CXX_LIBRARY = "libc++";
				CLANG_ENABLE_MODULES = YES;
				CLANG_ENABLE_OBJC_ARC = YES;
				CLANG_ENABLE_OBJC_WEAK = YES;
				CLANG_WARN_BLOCK_CAPTURE_AUTORELEASING = YES;
				CLANG_WARN_BOOL_CONVERSION = YES;
				CLANG_WARN_COMMA = YES;
				CLANG_WARN_CONSTANT_CONVERSION = YES;
				CLANG_WARN_DEPRECATED_OBJC_IMPLEMENTATIONS = YES;
				CLANG_WARN_DIRECT_OBJC_ISA_USAGE = YES_ERROR;
				CLANG_WARN_DOCUMENTATION_COMMENTS = YES;
				CLANG_WARN_EMPTY_BODY = YES;
				CLANG_WARN_ENUM_CONVERSION = YES;
				CLANG_WARN_INFINITE_RECURSION = YES;
				CLANG_WARN_INT_CONVERSION = YES;
				CLANG_WARN_NON_LITERAL_NULL_CONVERSION = YES;
				CLANG_WARN_OBJC_IMPLICIT_RETAIN_SELF = YES;
				CLANG_WARN_OBJC_LITERAL_CONVERSION = YES;
				CLANG_WARN_OBJC_ROOT_CLASS = YES_ERROR;
				CLANG_WARN_RANGE_LOOP_ANALYSIS = YES;
				CLANG_WARN_STRICT_PROTOTYPES = YES;
				CLANG_WARN_SUSPICIOUS_MOVE = YES;
				CLANG_WARN_UNGUARDED_AVAILABILITY = YES_AGGRESSIVE;
				CLANG_WARN_UNREACHABLE_CODE = YES;
				CLANG_WARN__DUPLICATE_METHOD_MATCH = YES;
				CODE_SIGN_IDENTITY = "-";
				COPY_PHASE_STRIP = NO;
				DEBUG_INFORMATION_FORMAT = dwarf;
				ENABLE_STRICT_OBJC_MSGSEND = YES;
				ENABLE_TESTABILITY = YES;
				GCC_C_LANGUAGE_STANDARD = gnu11;
				GCC_DYNAMIC_NO_PIC = NO;
				GCC_NO_COMMON_BLOCKS = YES;
				GCC_OPTIMIZATION_LEVEL = 0;
				GCC_PREPROCESSOR_DEFINITIONS = (
					"DEBUG=1",
					"$(inherited)",
				);
				GCC_WARN_64_TO_32_BIT_CONVERSION = YES;
				GCC_WARN_ABOUT_RETURN_TYPE = YES_ERROR;
				GCC_WARN_UNDECLARED_SELECTOR = YES;
				GCC_WARN_UNINITIALIZED_AUTOS = YES_AGGRESSIVE;
				GCC_WARN_UNUSED_FUNCTION = YES;
				GCC_WARN_UNUSED_VARIABLE = YES;
				MACOSX_DEPLOYMENT_TARGET = 10.13;
				MTL_ENABLE_DEBUG_INFO = YES;
				ONLY_ACTIVE_ARCH = YES;
				SDKROOT = macosx;
				SWIFT_ACTIVE_COMPILATION_CONDITIONS = DEBUG;
				SWIFT_OPTIMIZATION_LEVEL = "-Onone";
			};
			name = Debug;
		};
		094CE9B22075438400FE361A /* Release */ = {
			isa = XCBuildConfiguration;
			buildSettings = {
				ALWAYS_SEARCH_USER_PATHS = NO;
				CLANG_ANALYZER_NONNULL = YES;
				CLANG_ANALYZER_NUMBER_OBJECT_CONVERSION = YES_AGGRESSIVE;
				CLANG_CXX_LANGUAGE_STANDARD = "gnu++14";
				CLANG_CXX_LIBRARY = "libc++";
				CLANG_ENABLE_MODULES = YES;
				CLANG_ENABLE_OBJC_ARC = YES;
				CLANG_ENABLE_OBJC_WEAK = YES;
				CLANG_WARN_BLOCK_CAPTURE_AUTORELEASING = YES;
				CLANG_WARN_BOOL_CONVERSION = YES;
				CLANG_WARN_COMMA = YES;
				CLANG_WARN_CONSTANT_CONVERSION = YES;
				CLANG_WARN_DEPRECATED_OBJC_IMPLEMENTATIONS = YES;
				CLANG_WARN_DIRECT_OBJC_ISA_USAGE = YES_ERROR;
				CLANG_WARN_DOCUMENTATION_COMMENTS = YES;
				CLANG_WARN_EMPTY_BODY = YES;
				CLANG_WARN_ENUM_CONVERSION = YES;
				CLANG_WARN_INFINITE_RECURSION = YES;
				CLANG_WARN_INT_CONVERSION = YES;
				CLANG_WARN_NON_LITERAL_NULL_CONVERSION = YES;
				CLANG_WARN_OBJC_IMPLICIT_RETAIN_SELF = YES;
				CLANG_WARN_OBJC_LITERAL_CONVERSION = YES;
				CLANG_WARN_OBJC_ROOT_CLASS = YES_ERROR;
				CLANG_WARN_RANGE_LOOP_ANALYSIS = YES;
				CLANG_WARN_STRICT_PROTOTYPES = YES;
				CLANG_WARN_SUSPICIOUS_MOVE = YES;
				CLANG_WARN_UNGUARDED_AVAILABILITY = YES_AGGRESSIVE;
				CLANG_WARN_UNREACHABLE_CODE = YES;
				CLANG_WARN__DUPLICATE_METHOD_MATCH = YES;
				CODE_SIGN_IDENTITY = "-";
				COPY_PHASE_STRIP = NO;
				DEBUG_INFORMATION_FORMAT = "dwarf-with-dsym";
				ENABLE_NS_ASSERTIONS = NO;
				ENABLE_STRICT_OBJC_MSGSEND = YES;
				GCC_C_LANGUAGE_STANDARD = gnu11;
				GCC_NO_COMMON_BLOCKS = YES;
				GCC_WARN_64_TO_32_BIT_CONVERSION = YES;
				GCC_WARN_ABOUT_RETURN_TYPE = YES_ERROR;
				GCC_WARN_UNDECLARED_SELECTOR = YES;
				GCC_WARN_UNINITIALIZED_AUTOS = YES_AGGRESSIVE;
				GCC_WARN_UNUSED_FUNCTION = YES;
				GCC_WARN_UNUSED_VARIABLE = YES;
				MACOSX_DEPLOYMENT_TARGET = 10.13;
				MTL_ENABLE_DEBUG_INFO = NO;
				SDKROOT = macosx;
				SWIFT_COMPILATION_MODE = wholemodule;
				SWIFT_OPTIMIZATION_LEVEL = "-O";
			};
			name = Release;
		};
		094CE9B42075438400FE361A /* Debug */ = {
			isa = XCBuildConfiguration;
			buildSettings = {
				ASSETCATALOG_COMPILER_APPICON_NAME = AppIcon;
				CODE_SIGN_ENTITLEMENTS = MyProject/MyProject.entitlements;
				CODE_SIGN_STYLE = Automatic;
				COMBINE_HIDPI_IMAGES = YES;
				FRAMEWORK_SEARCH_PATHS = (
					"$(inherited)",
					"$(PROJECT_DIR)/Carthage/Build/Mac",
				);
				INFOPLIST_FILE = MyProject/Info.plist;
				LD_RUNPATH_SEARCH_PATHS = (
					"$(inherited)",
					"@executable_path/../Frameworks",
				);
				PRODUCT_BUNDLE_IDENTIFIER = com.alina.MyProject;
				PRODUCT_NAME = "$(TARGET_NAME)";
				SWIFT_VERSION = 4.0;
			};
			name = Debug;
		};
		094CE9B52075438400FE361A /* Release */ = {
			isa = XCBuildConfiguration;
			buildSettings = {
				ASSETCATALOG_COMPILER_APPICON_NAME = AppIcon;
				CODE_SIGN_ENTITLEMENTS = MyProject/MyProject.entitlements;
				CODE_SIGN_STYLE = Automatic;
				COMBINE_HIDPI_IMAGES = YES;
				FRAMEWORK_SEARCH_PATHS = (
					"$(inherited)",
					"$(PROJECT_DIR)/Carthage/Build/Mac",
				);
				INFOPLIST_FILE = MyProject/Info.plist;
				LD_RUNPATH_SEARCH_PATHS = (
					"$(inherited)",
					"@executable_path/../Frameworks",
				);
				PRODUCT_BUNDLE_IDENTIFIER = com.alina.MyProject;
				PRODUCT_NAME = "$(TARGET_NAME)";
				SWIFT_VERSION = 4.0;
			};
			name = Release;
		};
/* End XCBuildConfiguration section */

/* Begin XCConfigurationList section */
		094CE99E2075438200FE361A /* Build configuration list for PBXProject "MyProject" */ = {
			isa = XCConfigurationList;
			buildConfigurations = (
				094CE9B12075438400FE361A /* Debug */,
				094CE9B22075438400FE361A /* Release */,
			);
			defaultConfigurationIsVisible = 0;
			defaultConfigurationName = Release;
		};
		094CE9B32075438400FE361A /* Build configuration list for PBXNativeTarget "MyProject" */ = {
			isa = XCConfigurationList;
			buildConfigurations = (
				094CE9B42075438400FE361A /* Debug */,
				094CE9B52075438400FE361A /* Release */,
			);
			defaultConfigurationIsVisible = 0;
			defaultConfigurationName = Release;
		};
/* End XCConfigurationList section */
	};
	rootObject = 094CE99B2075438200FE361A /* Project object */;
}
